{
  "name": "agent-feedback-example-customer-http-agent",
  "version": "0.1.0",
  "lockfileVersion": 3,
  "requires": true,
  "packages": {
    "": {
      "name": "agent-feedback-example-customer-http-agent",
      "version": "0.1.0",
      "dependencies": {
        "@epode/node": "file:../../sdk/node"
      },
      "engines": {
        "node": ">=20"
      }
    },
    "../../sdk/node": {
      "name": "@epode/node",
      "version": "0.4.0",
      "license": "MIT",
      "dependencies": {
        "fastify-plugin": "^5.1.0",
        "zod": "^4.4.3"
      },
      "bin": {
        "agent-feedback-doctor": "dist/doctor.js",
        "epode-doctor": "dist/doctor.js"
      },
      "devDependencies": {
        "@modelcontextprotocol/server": "^2.0.0",
        "@types/express": "^5.0.5",
        "@types/node": "^22.19.19",
        "express": "^5.2.1",
        "fastify": "^5.10.0",
        "typescript": "^5.9.3"
      },
      "engines": {
        "node": ">=20"
      },
      "peerDependencies": {
        "@modelcontextprotocol/server": ">=2.0.0 <3",
        "express": ">=4 <6",
        "fastify": ">=4 <6"
      },
      "peerDependenciesMeta": {
        "@modelcontextprotocol/server": {
          "optional": true
        },
        "express": {
          "optional": true
        },
        "fastify": {
          "optional": true
        }
      }
    },
    "node_modules/@epode/node": {
      "resolved": "../../sdk/node",
      "link": true
    }
  }
}
